
Microsoft Visual Studio Solution File, Format Version 12.00
# Visual Studio Version 16
VisualStudioVersion = 16.0.29709.97
MinimumVisualStudioVersion = 10.0.40219.1
Project("{FAE04EC0-301F-11D3-BF4B-00C04F79EFBC}") = "pasvitaslab", "pasvitaslab\pasvitaslab.csproj", "{50007ABA-6B90-468A-9CE3-43982C93DB8D}"
EndProject
Project("{FAE04EC0-301F-11D3-BF4B-00C04F79EFBC}") = "pasvitaslabtest", "pasvitaslabtest\pasvitaslabtest.csproj", "{1C909024-5AE0-464F-BCE3-4A2950F12B31}"
EndProject
Global
	GlobalSection(SolutionConfigurationPlatforms) = preSolution
		Debug|Any CPU = Debug|Any CPU
		Release|Any CPU = Release|Any CPU
	EndGlobalSection
	GlobalSection(ProjectConfigurationPlatforms) = postSolution
		{50007ABA-6B90-468A-9CE3-43982C93DB8D}.Debug|Any CPU.ActiveCfg = Debug|Any CPU
		{50007ABA-6B90-468A-9CE3-43982C93DB8D}.Debug|Any CPU.Build.0 = Debug|Any CPU
		{50007ABA-6B90-468A-9CE3-43982C93DB8D}.Release|Any CPU.ActiveCfg = Release|Any CPU
		{50007ABA-6B90-468A-9CE3-43982C93DB8D}.Release|Any CPU.Build.0 = Release|Any CPU
		{1C909024-5AE0-464F-BCE3-4A2950F12B31}.Debug|Any CPU.ActiveCfg = Debug|Any CPU
		{1C909024-5AE0-464F-BCE3-4A2950F12B31}.Debug|Any CPU.Build.0 = Debug|Any CPU
		{1C909024-5AE0-464F-BCE3-4A2950F12B31}.Release|Any CPU.ActiveCfg = Release|Any CPU
		{1C909024-5AE0-464F-BCE3-4A2950F12B31}.Release|Any CPU.Build.0 = Release|Any CPU
	EndGlobalSection
	GlobalSection(SolutionProperties) = preSolution
		HideSolutionNode = FALSE
	EndGlobalSection
	GlobalSection(ExtensibilityGlobals) = postSolution
		SolutionGuid = {376F5195-A53C-47C5-A0F2-E67B365F8A2B}
	EndGlobalSection
EndGlobal
